
Microsoft Visual Studio Solution File, Format Version 12.00
# Visual Studio Version 16
VisualStudioVersion = 16.0.31205.134
MinimumVisualStudioVersion = 10.0.40219.1
Project("{FAE04EC0-301F-11D3-BF4B-00C04F79EFBC}") = "Futóverseny", "Futóverseny.csproj", "{1580D9D5-578C-4517-9C5B-A301552E78CD}"
EndProject
Global
	GlobalSection(SolutionConfigurationPlatforms) = preSolution
		Debug|Any CPU = Debug|Any CPU
		Release|Any CPU = Release|Any CPU
	EndGlobalSection
	GlobalSection(ProjectConfigurationPlatforms) = postSolution
		{1580D9D5-578C-4517-9C5B-A301552E78CD}.Debug|Any CPU.ActiveCfg = Debug|Any CPU
		{1580D9D5-578C-4517-9C5B-A301552E78CD}.Debug|Any CPU.Build.0 = Debug|Any CPU
		{1580D9D5-578C-4517-9C5B-A301552E78CD}.Release|Any CPU.ActiveCfg = Release|Any CPU
		{1580D9D5-578C-4517-9C5B-A301552E78CD}.Release|Any CPU.Build.0 = Release|Any CPU
	EndGlobalSection
	GlobalSection(SolutionProperties) = preSolution
		HideSolutionNode = FALSE
	EndGlobalSection
	GlobalSection(ExtensibilityGlobals) = postSolution
		SolutionGuid = {4348572B-686B-4320-B41F-DDE703C31B6F}
	EndGlobalSection
EndGlobal
